
Microsoft Visual Studio Solution File, Format Version 12.00
# Visual Studio Version 17
VisualStudioVersion = 17.1.32328.378
MinimumVisualStudioVersion = 10.0.40219.1
Project("{FAE04EC0-301F-11D3-BF4B-00C04F79EFBC}") = "Clipboard Crop", "Clipboard Crop.csproj", "{D4C83206-18D1-4592-9615-436883E8728D}"
EndProject
Global
	GlobalSection(SolutionConfigurationPlatforms) = preSolution
		Debug|Any CPU = Debug|Any CPU
		Release|Any CPU = Release|Any CPU
	EndGlobalSection
	GlobalSection(ProjectConfigurationPlatforms) = postSolution
		{D4C83206-18D1-4592-9615-436883E8728D}.Debug|Any CPU.ActiveCfg = Debug|Any CPU
		{D4C83206-18D1-4592-9615-436883E8728D}.Debug|Any CPU.Build.0 = Debug|Any CPU
		{D4C83206-18D1-4592-9615-436883E8728D}.Release|Any CPU.ActiveCfg = Release|Any CPU
		{D4C83206-18D1-4592-9615-436883E8728D}.Release|Any CPU.Build.0 = Release|Any CPU
	EndGlobalSection
	GlobalSection(SolutionProperties) = preSolution
		HideSolutionNode = FALSE
	EndGlobalSection
	GlobalSection(ExtensibilityGlobals) = postSolution
		SolutionGuid = {D448904B-1238-4C1A-BBDC-5F61EB0712C8}
	EndGlobalSection
EndGlobal
