
Microsoft Visual Studio Solution File, Format Version 12.00
# Visual Studio Version 17
VisualStudioVersion = 17.1.32328.378
MinimumVisualStudioVersion = 10.0.40219.1
Project("{9A19103F-16F7-4668-BE54-9A1E7A4F7556}") = "Clipboard Crop", "src\Clipboard Crop.csproj", "{994332D8-004B-409A-817A-2CD92546A7EE}"
EndProject
Global
	GlobalSection(SolutionConfigurationPlatforms) = preSolution
		Debug|Any CPU = Debug|Any CPU
		Release|Any CPU = Release|Any CPU
	EndGlobalSection
	GlobalSection(ProjectConfigurationPlatforms) = postSolution
		{994332D8-004B-409A-817A-2CD92546A7EE}.Debug|Any CPU.ActiveCfg = Debug|Any CPU
		{994332D8-004B-409A-817A-2CD92546A7EE}.Debug|Any CPU.Build.0 = Debug|Any CPU
		{994332D8-004B-409A-817A-2CD92546A7EE}.Release|Any CPU.ActiveCfg = Release|Any CPU
		{994332D8-004B-409A-817A-2CD92546A7EE}.Release|Any CPU.Build.0 = Release|Any CPU
	EndGlobalSection
	GlobalSection(SolutionProperties) = preSolution
		HideSolutionNode = FALSE
	EndGlobalSection
	GlobalSection(ExtensibilityGlobals) = postSolution
		SolutionGuid = {D448904B-1238-4C1A-BBDC-5F61EB0712C8}
	EndGlobalSection
EndGlobal
